{
  "requires": true,
  "lockfileVersion": 1,
  "dependencies": {
    "@types/google-apps-script": {
      "version": "1.0.27",
      "resolved": "https://registry.npmjs.org/@types/google-apps-script/-/google-apps-script-1.0.27.tgz",
      "integrity": "sha512-b8+k3ajAK1j7su0eXsbi0pg5FtyyF8BlCik7jqAnOXhzSNoglYgOmDYdLvl6/NkgLMkpusmfkiVoY0RPRbstHA=="
    }
  }
}
